
Microsoft Visual Studio Solution File, Format Version 12.00
# Visual Studio Version 16
VisualStudioVersion = 16.0.29020.237
MinimumVisualStudioVersion = 10.0.40219.1
Project("{FAE04EC0-301F-11D3-BF4B-00C04F79EFBC}") = "bluetooth test.Android", "bluetooth test\bluetooth test.Android\bluetooth test.Android.csproj", "{2BD063DD-7EF5-4D4F-A773-CA48429EB0A4}"
EndProject
Project("{FAE04EC0-301F-11D3-BF4B-00C04F79EFBC}") = "bluetooth test.iOS", "bluetooth test\bluetooth test.iOS\bluetooth test.iOS.csproj", "{C264648E-00F4-4ED6-93FF-45198683284F}"
EndProject
Project("{FAE04EC0-301F-11D3-BF4B-00C04F79EFBC}") = "bluetooth test", "bluetooth test\bluetooth test\bluetooth test.csproj", "{63D3A680-B6A3-4120-8AE7-5694637B5787}"
EndProject
Global
	GlobalSection(SolutionConfigurationPlatforms) = preSolution
		Debug|Any CPU = Debug|Any CPU
		Debug|iPhone = Debug|iPhone
		Debug|iPhoneSimulator = Debug|iPhoneSimulator
		Release|Any CPU = Release|Any CPU
		Release|iPhone = Release|iPhone
		Release|iPhoneSimulator = Release|iPhoneSimulator
	EndGlobalSection
	GlobalSection(ProjectConfigurationPlatforms) = postSolution
		{2BD063DD-7EF5-4D4F-A773-CA48429EB0A4}.Debug|Any CPU.ActiveCfg = Debug|Any CPU
		{2BD063DD-7EF5-4D4F-A773-CA48429EB0A4}.Debug|Any CPU.Build.0 = Debug|Any CPU
		{2BD063DD-7EF5-4D4F-A773-CA48429EB0A4}.Debug|Any CPU.Deploy.0 = Debug|Any CPU
		{2BD063DD-7EF5-4D4F-A773-CA48429EB0A4}.Debug|iPhone.ActiveCfg = Debug|Any CPU
		{2BD063DD-7EF5-4D4F-A773-CA48429EB0A4}.Debug|iPhone.Build.0 = Debug|Any CPU
		{2BD063DD-7EF5-4D4F-A773-CA48429EB0A4}.Debug|iPhone.Deploy.0 = Debug|Any CPU
		{2BD063DD-7EF5-4D4F-A773-CA48429EB0A4}.Debug|iPhoneSimulator.ActiveCfg = Debug|Any CPU
		{2BD063DD-7EF5-4D4F-A773-CA48429EB0A4}.Debug|iPhoneSimulator.Build.0 = Debug|Any CPU
		{2BD063DD-7EF5-4D4F-A773-CA48429EB0A4}.Debug|iPhoneSimulator.Deploy.0 = Debug|Any CPU
		{2BD063DD-7EF5-4D4F-A773-CA48429EB0A4}.Release|Any CPU.ActiveCfg = Release|Any CPU
		{2BD063DD-7EF5-4D4F-A773-CA48429EB0A4}.Release|Any CPU.Build.0 = Release|Any CPU
		{2BD063DD-7EF5-4D4F-A773-CA48429EB0A4}.Release|Any CPU.Deploy.0 = Release|Any CPU
		{2BD063DD-7EF5-4D4F-A773-CA48429EB0A4}.Release|iPhone.ActiveCfg = Release|Any CPU
		{2BD063DD-7EF5-4D4F-A773-CA48429EB0A4}.Release|iPhone.Build.0 = Release|Any CPU
		{2BD063DD-7EF5-4D4F-A773-CA48429EB0A4}.Release|iPhone.Deploy.0 = Release|Any CPU
		{2BD063DD-7EF5-4D4F-A773-CA48429EB0A4}.Release|iPhoneSimulator.ActiveCfg = Release|Any CPU
		{2BD063DD-7EF5-4D4F-A773-CA48429EB0A4}.Release|iPhoneSimulator.Build.0 = Release|Any CPU
		{2BD063DD-7EF5-4D4F-A773-CA48429EB0A4}.Release|iPhoneSimulator.Deploy.0 = Release|Any CPU
		{C264648E-00F4-4ED6-93FF-45198683284F}.Debug|Any CPU.ActiveCfg = Debug|iPhoneSimulator
		{C264648E-00F4-4ED6-93FF-45198683284F}.Debug|Any CPU.Build.0 = Debug|iPhoneSimulator
		{C264648E-00F4-4ED6-93FF-45198683284F}.Debug|Any CPU.Deploy.0 = Debug|iPhoneSimulator
		{C264648E-00F4-4ED6-93FF-45198683284F}.Debug|iPhone.ActiveCfg = Debug|iPhone
		{C264648E-00F4-4ED6-93FF-45198683284F}.Debug|iPhone.Build.0 = Debug|iPhone
		{C264648E-00F4-4ED6-93FF-45198683284F}.Debug|iPhone.Deploy.0 = Debug|iPhone
		{C264648E-00F4-4ED6-93FF-45198683284F}.Debug|iPhoneSimulator.ActiveCfg = Debug|iPhoneSimulator
		{C264648E-00F4-4ED6-93FF-45198683284F}.Debug|iPhoneSimulator.Build.0 = Debug|iPhoneSimulator
		{C264648E-00F4-4ED6-93FF-45198683284F}.Debug|iPhoneSimulator.Deploy.0 = Debug|iPhoneSimulator
		{C264648E-00F4-4ED6-93FF-45198683284F}.Release|Any CPU.ActiveCfg = Release|iPhone
		{C264648E-00F4-4ED6-93FF-45198683284F}.Release|Any CPU.Build.0 = Release|iPhone
		{C264648E-00F4-4ED6-93FF-45198683284F}.Release|Any CPU.Deploy.0 = Release|iPhone
		{C264648E-00F4-4ED6-93FF-45198683284F}.Release|iPhone.ActiveCfg = Release|iPhone
		{C264648E-00F4-4ED6-93FF-45198683284F}.Release|iPhone.Build.0 = Release|iPhone
		{C264648E-00F4-4ED6-93FF-45198683284F}.Release|iPhone.Deploy.0 = Release|iPhone
		{C264648E-00F4-4ED6-93FF-45198683284F}.Release|iPhoneSimulator.ActiveCfg = Release|iPhoneSimulator
		{C264648E-00F4-4ED6-93FF-45198683284F}.Release|iPhoneSimulator.Build.0 = Release|iPhoneSimulator
		{C264648E-00F4-4ED6-93FF-45198683284F}.Release|iPhoneSimulator.Deploy.0 = Release|iPhoneSimulator
		{63D3A680-B6A3-4120-8AE7-5694637B5787}.Debug|Any CPU.ActiveCfg = Debug|Any CPU
		{63D3A680-B6A3-4120-8AE7-5694637B5787}.Debug|Any CPU.Build.0 = Debug|Any CPU
		{63D3A680-B6A3-4120-8AE7-5694637B5787}.Debug|Any CPU.Deploy.0 = Debug|Any CPU
		{63D3A680-B6A3-4120-8AE7-5694637B5787}.Debug|iPhone.ActiveCfg = Debug|Any CPU
		{63D3A680-B6A3-4120-8AE7-5694637B5787}.Debug|iPhone.Build.0 = Debug|Any CPU
		{63D3A680-B6A3-4120-8AE7-5694637B5787}.Debug|iPhone.Deploy.0 = Debug|Any CPU
		{63D3A680-B6A3-4120-8AE7-5694637B5787}.Debug|iPhoneSimulator.ActiveCfg = Debug|Any CPU
		{63D3A680-B6A3-4120-8AE7-5694637B5787}.Debug|iPhoneSimulator.Build.0 = Debug|Any CPU
		{63D3A680-B6A3-4120-8AE7-5694637B5787}.Debug|iPhoneSimulator.Deploy.0 = Debug|Any CPU
		{63D3A680-B6A3-4120-8AE7-5694637B5787}.Release|Any CPU.ActiveCfg = Release|Any CPU
		{63D3A680-B6A3-4120-8AE7-5694637B5787}.Release|Any CPU.Build.0 = Release|Any CPU
		{63D3A680-B6A3-4120-8AE7-5694637B5787}.Release|Any CPU.Deploy.0 = Release|Any CPU
		{63D3A680-B6A3-4120-8AE7-5694637B5787}.Release|iPhone.ActiveCfg = Release|Any CPU
		{63D3A680-B6A3-4120-8AE7-5694637B5787}.Release|iPhone.Build.0 = Release|Any CPU
		{63D3A680-B6A3-4120-8AE7-5694637B5787}.Release|iPhone.Deploy.0 = Release|Any CPU
		{63D3A680-B6A3-4120-8AE7-5694637B5787}.Release|iPhoneSimulator.ActiveCfg = Release|Any CPU
		{63D3A680-B6A3-4120-8AE7-5694637B5787}.Release|iPhoneSimulator.Build.0 = Release|Any CPU
		{63D3A680-B6A3-4120-8AE7-5694637B5787}.Release|iPhoneSimulator.Deploy.0 = Release|Any CPU
	EndGlobalSection
	GlobalSection(SolutionProperties) = preSolution
		HideSolutionNode = FALSE
	EndGlobalSection
	GlobalSection(ExtensibilityGlobals) = postSolution
		SolutionGuid = {3E645110-590A-4650-8823-7358B9DE990A}
	EndGlobalSection
EndGlobal
